
Microsoft Visual Studio Solution File, Format Version 12.00
# Visual Studio Version 17
VisualStudioVersion = 17.0.32014.148
MinimumVisualStudioVersion = 10.0.40219.1
Project("{9A19103F-16F7-4668-BE54-9A1E7A4F7556}") = "RabbitMQ.publisher", "RabbitMQ.publisher\RabbitMQ.publisher.csproj", "{C6EDC6CF-91AB-4A50-AF88-457F9E72DF73}"
EndProject
Project("{9A19103F-16F7-4668-BE54-9A1E7A4F7556}") = "RabbitMQ.subscriber", "RabbitMQ.subscriber\RabbitMQ.subscriber.csproj", "{3A0F61D4-8962-42B8-A750-14AE14281C2A}"
EndProject
Project("{FAE04EC0-301F-11D3-BF4B-00C04F79EFBC}") = "Shared", "Shared\Shared.csproj", "{CF2CA124-FDCC-4C91-95B7-7444D8788D07}"
EndProject
Global
	GlobalSection(SolutionConfigurationPlatforms) = preSolution
		Debug|Any CPU = Debug|Any CPU
		Release|Any CPU = Release|Any CPU
	EndGlobalSection
	GlobalSection(ProjectConfigurationPlatforms) = postSolution
		{C6EDC6CF-91AB-4A50-AF88-457F9E72DF73}.Debug|Any CPU.ActiveCfg = Debug|Any CPU
		{C6EDC6CF-91AB-4A50-AF88-457F9E72DF73}.Debug|Any CPU.Build.0 = Debug|Any CPU
		{C6EDC6CF-91AB-4A50-AF88-457F9E72DF73}.Release|Any CPU.ActiveCfg = Release|Any CPU
		{C6EDC6CF-91AB-4A50-AF88-457F9E72DF73}.Release|Any CPU.Build.0 = Release|Any CPU
		{3A0F61D4-8962-42B8-A750-14AE14281C2A}.Debug|Any CPU.ActiveCfg = Debug|Any CPU
		{3A0F61D4-8962-42B8-A750-14AE14281C2A}.Debug|Any CPU.Build.0 = Debug|Any CPU
		{3A0F61D4-8962-42B8-A750-14AE14281C2A}.Release|Any CPU.ActiveCfg = Release|Any CPU
		{3A0F61D4-8962-42B8-A750-14AE14281C2A}.Release|Any CPU.Build.0 = Release|Any CPU
		{CF2CA124-FDCC-4C91-95B7-7444D8788D07}.Debug|Any CPU.ActiveCfg = Debug|Any CPU
		{CF2CA124-FDCC-4C91-95B7-7444D8788D07}.Debug|Any CPU.Build.0 = Debug|Any CPU
		{CF2CA124-FDCC-4C91-95B7-7444D8788D07}.Release|Any CPU.ActiveCfg = Release|Any CPU
		{CF2CA124-FDCC-4C91-95B7-7444D8788D07}.Release|Any CPU.Build.0 = Release|Any CPU
	EndGlobalSection
	GlobalSection(SolutionProperties) = preSolution
		HideSolutionNode = FALSE
	EndGlobalSection
	GlobalSection(ExtensibilityGlobals) = postSolution
		SolutionGuid = {2AA432D4-7FCB-4492-B49E-24ABEA5B62F3}
	EndGlobalSection
EndGlobal
